
Microsoft Visual Studio Solution File, Format Version 12.00
# Visual Studio Version 17
VisualStudioVersion = 17.11.35303.130
MinimumVisualStudioVersion = 10.0.40219.1
Project("{FAE04EC0-301F-11D3-BF4B-00C04F79EFBC}") = "BlazorAuth2", "BlazorAuth2.csproj", "{624BA080-B317-458E-857F-0317EB838402}"
EndProject
Global
	GlobalSection(SolutionConfigurationPlatforms) = preSolution
		Debug|Any CPU = Debug|Any CPU
		Release|Any CPU = Release|Any CPU
	EndGlobalSection
	GlobalSection(ProjectConfigurationPlatforms) = postSolution
		{624BA080-B317-458E-857F-0317EB838402}.Debug|Any CPU.ActiveCfg = Debug|Any CPU
		{624BA080-B317-458E-857F-0317EB838402}.Debug|Any CPU.Build.0 = Debug|Any CPU
		{624BA080-B317-458E-857F-0317EB838402}.Release|Any CPU.ActiveCfg = Release|Any CPU
		{624BA080-B317-458E-857F-0317EB838402}.Release|Any CPU.Build.0 = Release|Any CPU
	EndGlobalSection
	GlobalSection(SolutionProperties) = preSolution
		HideSolutionNode = FALSE
	EndGlobalSection
	GlobalSection(ExtensibilityGlobals) = postSolution
		SolutionGuid = {3CEAE656-08C7-482E-A4BC-70EE13DD35E0}
	EndGlobalSection
EndGlobal
